{
	"name": "@tbjdi/transform",
	"version": "1.0.1",
	"lockfileVersion": 1,
	"requires": true,
	"dependencies": {
		"dt-utils-js": {
			"version": "0.0.5",
			"resolved": "https://registry.npmjs.org/dt-utils-js/-/dt-utils-js-0.0.5.tgz",
			"integrity": "sha512-+wh+Zjs+cQ8hII88tO1dTodwausZd1poMTXG/numu+M7liBpCl4HSMeY0SQWxyciOjO+wAc18LKjUxDbVwVVzQ=="
		}
	}
}
